
Microsoft Visual Studio Solution File, Format Version 12.00
# Visual Studio Version 17
VisualStudioVersion = 17.0.31903.59
MinimumVisualStudioVersion = 10.0.40219.1
Project("{2150E333-8FDC-42A3-9474-1A3956D46DE8}") = "P2P (Point to point)", "P2P (Point to point)", "{14479086-61D3-43A2-BC55-6B3212639FC1}"
EndProject
Project("{9A19103F-16F7-4668-BE54-9A1E7A4F7556}") = "ProducerApi", "P2P\ProducerApi\ProducerApi.csproj", "{E3252C79-DDAD-4946-A06C-CFC3A7559736}"
EndProject
Project("{9A19103F-16F7-4668-BE54-9A1E7A4F7556}") = "ConsumerApp", "P2P\ConsumerApp\ConsumerApp.csproj", "{459F15C9-30AF-4348-951A-1AC1090069B4}"
EndProject
Project("{2150E333-8FDC-42A3-9474-1A3956D46DE8}") = "PublishSubscribe", "PublishSubscribe", "{122E00CC-826D-49CD-A5B9-B6082B3F61EF}"
EndProject
Project("{9A19103F-16F7-4668-BE54-9A1E7A4F7556}") = "PublisherApi", "PublishSubscribe\PublisherApi\PublisherApi.csproj", "{0348D63F-B871-45AD-A42D-BECAB4021DCF}"
EndProject
Project("{9A19103F-16F7-4668-BE54-9A1E7A4F7556}") = "SubscriberApp", "PublishSubscribe\SubscriberApp\SubscriberApp.csproj", "{8484E1D0-0FEA-4D56-8108-55C9F8337254}"
EndProject
Project("{9A19103F-16F7-4668-BE54-9A1E7A4F7556}") = "Subscriber2App", "PublishSubscribe\Subscriber2App\Subscriber2App.csproj", "{293977B5-890B-45D5-9238-AD4DBC32FC06}"
EndProject
Project("{2150E333-8FDC-42A3-9474-1A3956D46DE8}") = "Routing", "Routing", "{3C520798-0E77-4E65-9B1F-5C75FD744633}"
EndProject
Project("{9A19103F-16F7-4668-BE54-9A1E7A4F7556}") = "PublisherApi", "Routing\PublisherApi\PublisherApi.csproj", "{4256AE4F-F24E-4539-98EC-51E6D7A24541}"
EndProject
Project("{9A19103F-16F7-4668-BE54-9A1E7A4F7556}") = "SubscriberApp", "Routing\SubscriberApp\SubscriberApp.csproj", "{249CA9EF-E70C-49BC-9CCD-036D7E087DC6}"
EndProject
Project("{2150E333-8FDC-42A3-9474-1A3956D46DE8}") = "Topic", "Topic", "{7BEDE393-5F07-40F2-A645-16E2770E17FA}"
EndProject
Project("{9A19103F-16F7-4668-BE54-9A1E7A4F7556}") = "PublisherApi", "Topic\PublisherApi\PublisherApi.csproj", "{73589F1F-B269-4181-9120-702B478994ED}"
EndProject
Project("{9A19103F-16F7-4668-BE54-9A1E7A4F7556}") = "SubscriberApp", "Topic\SubscriberApp\SubscriberApp.csproj", "{49A33D26-902C-44AE-A0C8-31F0BD3E3641}"
EndProject
Project("{2150E333-8FDC-42A3-9474-1A3956D46DE8}") = "Work Queues", "Work Queues", "{BE3BDF4D-3768-4DFE-8610-59A0FC2535ED}"
EndProject
Project("{9A19103F-16F7-4668-BE54-9A1E7A4F7556}") = "ConsumerApp", "Work Queues\ConsumerApp\ConsumerApp.csproj", "{F7EE578C-7BE3-4A3B-B10E-FD25EBF31F7F}"
EndProject
Project("{9A19103F-16F7-4668-BE54-9A1E7A4F7556}") = "ProducerApi", "Work Queues\ProducerApi\ProducerApi.csproj", "{2B1A213A-4EB5-41B7-8CAD-8D076D86FC62}"
EndProject
Project("{9A19103F-16F7-4668-BE54-9A1E7A4F7556}") = "ConsumerApp2", "Work Queues\ConsumerApp2\ConsumerApp2.csproj", "{F530ACA4-EA23-41F5-81E5-A835B7793F92}"
EndProject
Project("{2150E333-8FDC-42A3-9474-1A3956D46DE8}") = "RPC (Remote Procedure Call)", "RPC (Remote Procedure Call)", "{F5750A41-B959-4632-A081-4576415B6AF5}"
EndProject
Project("{9A19103F-16F7-4668-BE54-9A1E7A4F7556}") = "ServerApi", "Remote Procedure Call (RCP)\ServerApi\ServerApi.csproj", "{83990604-0636-4C33-B35A-B2D4D37485CA}"
EndProject
Project("{9A19103F-16F7-4668-BE54-9A1E7A4F7556}") = "ClientApp", "Remote Procedure Call (RCP)\ClientApp\ClientApp.csproj", "{994333B8-F0C3-4552-92AC-C4B19B8C7B5E}"
EndProject
Global
	GlobalSection(SolutionConfigurationPlatforms) = preSolution
		Debug|Any CPU = Debug|Any CPU
		Release|Any CPU = Release|Any CPU
	EndGlobalSection
	GlobalSection(ProjectConfigurationPlatforms) = postSolution
		{E3252C79-DDAD-4946-A06C-CFC3A7559736}.Debug|Any CPU.ActiveCfg = Debug|Any CPU
		{E3252C79-DDAD-4946-A06C-CFC3A7559736}.Debug|Any CPU.Build.0 = Debug|Any CPU
		{E3252C79-DDAD-4946-A06C-CFC3A7559736}.Release|Any CPU.ActiveCfg = Release|Any CPU
		{E3252C79-DDAD-4946-A06C-CFC3A7559736}.Release|Any CPU.Build.0 = Release|Any CPU
		{459F15C9-30AF-4348-951A-1AC1090069B4}.Debug|Any CPU.ActiveCfg = Debug|Any CPU
		{459F15C9-30AF-4348-951A-1AC1090069B4}.Debug|Any CPU.Build.0 = Debug|Any CPU
		{459F15C9-30AF-4348-951A-1AC1090069B4}.Release|Any CPU.ActiveCfg = Release|Any CPU
		{459F15C9-30AF-4348-951A-1AC1090069B4}.Release|Any CPU.Build.0 = Release|Any CPU
		{0348D63F-B871-45AD-A42D-BECAB4021DCF}.Debug|Any CPU.ActiveCfg = Debug|Any CPU
		{0348D63F-B871-45AD-A42D-BECAB4021DCF}.Debug|Any CPU.Build.0 = Debug|Any CPU
		{0348D63F-B871-45AD-A42D-BECAB4021DCF}.Release|Any CPU.ActiveCfg = Release|Any CPU
		{0348D63F-B871-45AD-A42D-BECAB4021DCF}.Release|Any CPU.Build.0 = Release|Any CPU
		{8484E1D0-0FEA-4D56-8108-55C9F8337254}.Debug|Any CPU.ActiveCfg = Debug|Any CPU
		{8484E1D0-0FEA-4D56-8108-55C9F8337254}.Debug|Any CPU.Build.0 = Debug|Any CPU
		{8484E1D0-0FEA-4D56-8108-55C9F8337254}.Release|Any CPU.ActiveCfg = Release|Any CPU
		{8484E1D0-0FEA-4D56-8108-55C9F8337254}.Release|Any CPU.Build.0 = Release|Any CPU
		{293977B5-890B-45D5-9238-AD4DBC32FC06}.Debug|Any CPU.ActiveCfg = Debug|Any CPU
		{293977B5-890B-45D5-9238-AD4DBC32FC06}.Debug|Any CPU.Build.0 = Debug|Any CPU
		{293977B5-890B-45D5-9238-AD4DBC32FC06}.Release|Any CPU.ActiveCfg = Release|Any CPU
		{293977B5-890B-45D5-9238-AD4DBC32FC06}.Release|Any CPU.Build.0 = Release|Any CPU
		{4256AE4F-F24E-4539-98EC-51E6D7A24541}.Debug|Any CPU.ActiveCfg = Debug|Any CPU
		{4256AE4F-F24E-4539-98EC-51E6D7A24541}.Debug|Any CPU.Build.0 = Debug|Any CPU
		{4256AE4F-F24E-4539-98EC-51E6D7A24541}.Release|Any CPU.ActiveCfg = Release|Any CPU
		{4256AE4F-F24E-4539-98EC-51E6D7A24541}.Release|Any CPU.Build.0 = Release|Any CPU
		{249CA9EF-E70C-49BC-9CCD-036D7E087DC6}.Debug|Any CPU.ActiveCfg = Debug|Any CPU
		{249CA9EF-E70C-49BC-9CCD-036D7E087DC6}.Debug|Any CPU.Build.0 = Debug|Any CPU
		{249CA9EF-E70C-49BC-9CCD-036D7E087DC6}.Release|Any CPU.ActiveCfg = Release|Any CPU
		{249CA9EF-E70C-49BC-9CCD-036D7E087DC6}.Release|Any CPU.Build.0 = Release|Any CPU
		{73589F1F-B269-4181-9120-702B478994ED}.Debug|Any CPU.ActiveCfg = Debug|Any CPU
		{73589F1F-B269-4181-9120-702B478994ED}.Debug|Any CPU.Build.0 = Debug|Any CPU
		{73589F1F-B269-4181-9120-702B478994ED}.Release|Any CPU.ActiveCfg = Release|Any CPU
		{73589F1F-B269-4181-9120-702B478994ED}.Release|Any CPU.Build.0 = Release|Any CPU
		{49A33D26-902C-44AE-A0C8-31F0BD3E3641}.Debug|Any CPU.ActiveCfg = Debug|Any CPU
		{49A33D26-902C-44AE-A0C8-31F0BD3E3641}.Debug|Any CPU.Build.0 = Debug|Any CPU
		{49A33D26-902C-44AE-A0C8-31F0BD3E3641}.Release|Any CPU.ActiveCfg = Release|Any CPU
		{49A33D26-902C-44AE-A0C8-31F0BD3E3641}.Release|Any CPU.Build.0 = Release|Any CPU
		{F7EE578C-7BE3-4A3B-B10E-FD25EBF31F7F}.Debug|Any CPU.ActiveCfg = Debug|Any CPU
		{F7EE578C-7BE3-4A3B-B10E-FD25EBF31F7F}.Debug|Any CPU.Build.0 = Debug|Any CPU
		{F7EE578C-7BE3-4A3B-B10E-FD25EBF31F7F}.Release|Any CPU.ActiveCfg = Release|Any CPU
		{F7EE578C-7BE3-4A3B-B10E-FD25EBF31F7F}.Release|Any CPU.Build.0 = Release|Any CPU
		{2B1A213A-4EB5-41B7-8CAD-8D076D86FC62}.Debug|Any CPU.ActiveCfg = Debug|Any CPU
		{2B1A213A-4EB5-41B7-8CAD-8D076D86FC62}.Debug|Any CPU.Build.0 = Debug|Any CPU
		{2B1A213A-4EB5-41B7-8CAD-8D076D86FC62}.Release|Any CPU.ActiveCfg = Release|Any CPU
		{2B1A213A-4EB5-41B7-8CAD-8D076D86FC62}.Release|Any CPU.Build.0 = Release|Any CPU
		{F530ACA4-EA23-41F5-81E5-A835B7793F92}.Debug|Any CPU.ActiveCfg = Debug|Any CPU
		{F530ACA4-EA23-41F5-81E5-A835B7793F92}.Debug|Any CPU.Build.0 = Debug|Any CPU
		{F530ACA4-EA23-41F5-81E5-A835B7793F92}.Release|Any CPU.ActiveCfg = Release|Any CPU
		{F530ACA4-EA23-41F5-81E5-A835B7793F92}.Release|Any CPU.Build.0 = Release|Any CPU
		{83990604-0636-4C33-B35A-B2D4D37485CA}.Debug|Any CPU.ActiveCfg = Debug|Any CPU
		{83990604-0636-4C33-B35A-B2D4D37485CA}.Debug|Any CPU.Build.0 = Debug|Any CPU
		{83990604-0636-4C33-B35A-B2D4D37485CA}.Release|Any CPU.ActiveCfg = Release|Any CPU
		{83990604-0636-4C33-B35A-B2D4D37485CA}.Release|Any CPU.Build.0 = Release|Any CPU
		{994333B8-F0C3-4552-92AC-C4B19B8C7B5E}.Debug|Any CPU.ActiveCfg = Debug|Any CPU
		{994333B8-F0C3-4552-92AC-C4B19B8C7B5E}.Debug|Any CPU.Build.0 = Debug|Any CPU
		{994333B8-F0C3-4552-92AC-C4B19B8C7B5E}.Release|Any CPU.ActiveCfg = Release|Any CPU
		{994333B8-F0C3-4552-92AC-C4B19B8C7B5E}.Release|Any CPU.Build.0 = Release|Any CPU
	EndGlobalSection
	GlobalSection(SolutionProperties) = preSolution
		HideSolutionNode = FALSE
	EndGlobalSection
	GlobalSection(NestedProjects) = preSolution
		{E3252C79-DDAD-4946-A06C-CFC3A7559736} = {14479086-61D3-43A2-BC55-6B3212639FC1}
		{459F15C9-30AF-4348-951A-1AC1090069B4} = {14479086-61D3-43A2-BC55-6B3212639FC1}
		{0348D63F-B871-45AD-A42D-BECAB4021DCF} = {122E00CC-826D-49CD-A5B9-B6082B3F61EF}
		{8484E1D0-0FEA-4D56-8108-55C9F8337254} = {122E00CC-826D-49CD-A5B9-B6082B3F61EF}
		{293977B5-890B-45D5-9238-AD4DBC32FC06} = {122E00CC-826D-49CD-A5B9-B6082B3F61EF}
		{4256AE4F-F24E-4539-98EC-51E6D7A24541} = {3C520798-0E77-4E65-9B1F-5C75FD744633}
		{249CA9EF-E70C-49BC-9CCD-036D7E087DC6} = {3C520798-0E77-4E65-9B1F-5C75FD744633}
		{73589F1F-B269-4181-9120-702B478994ED} = {7BEDE393-5F07-40F2-A645-16E2770E17FA}
		{49A33D26-902C-44AE-A0C8-31F0BD3E3641} = {7BEDE393-5F07-40F2-A645-16E2770E17FA}
		{F7EE578C-7BE3-4A3B-B10E-FD25EBF31F7F} = {BE3BDF4D-3768-4DFE-8610-59A0FC2535ED}
		{2B1A213A-4EB5-41B7-8CAD-8D076D86FC62} = {BE3BDF4D-3768-4DFE-8610-59A0FC2535ED}
		{F530ACA4-EA23-41F5-81E5-A835B7793F92} = {BE3BDF4D-3768-4DFE-8610-59A0FC2535ED}
		{83990604-0636-4C33-B35A-B2D4D37485CA} = {F5750A41-B959-4632-A081-4576415B6AF5}
		{994333B8-F0C3-4552-92AC-C4B19B8C7B5E} = {F5750A41-B959-4632-A081-4576415B6AF5}
	EndGlobalSection
	GlobalSection(ExtensibilityGlobals) = postSolution
		SolutionGuid = {A9289C0F-AD67-4D1B-9402-0E85CEC5F431}
	EndGlobalSection
EndGlobal
